
Microsoft Visual Studio Solution File, Format Version 12.00
# Visual Studio Version 17
VisualStudioVersion = 17.0.31903.59
MinimumVisualStudioVersion = 10.0.40219.1
Project("{9A19103F-16F7-4668-BE54-9A1E7A4F7556}") = "rm.Threading", "src\rm.Threading\rm.Threading.csproj", "{159C2787-16B7-4621-89C5-72E7EA6259DA}"
EndProject
Project("{9A19103F-16F7-4668-BE54-9A1E7A4F7556}") = "rm.ThreadingTest", "tests\rm.ThreadingTest\rm.ThreadingTest.csproj", "{6F17B23D-CCFA-437B-800D-21022A171C16}"
EndProject
Project("{2150E333-8FDC-42A3-9474-1A3956D46DE8}") = "Solution Items", "Solution Items", "{C8B8A334-A8A9-4E25-98DF-0C76C5BBC21E}"
	ProjectSection(SolutionItems) = preProject
		Directory.Packages.props = Directory.Packages.props
		LICENSE = LICENSE
		README.md = README.md
	EndProjectSection
EndProject
Global
	GlobalSection(SolutionConfigurationPlatforms) = preSolution
		Debug|Any CPU = Debug|Any CPU
		Release|Any CPU = Release|Any CPU
	EndGlobalSection
	GlobalSection(ProjectConfigurationPlatforms) = postSolution
		{159C2787-16B7-4621-89C5-72E7EA6259DA}.Debug|Any CPU.ActiveCfg = Debug|Any CPU
		{159C2787-16B7-4621-89C5-72E7EA6259DA}.Debug|Any CPU.Build.0 = Debug|Any CPU
		{159C2787-16B7-4621-89C5-72E7EA6259DA}.Release|Any CPU.ActiveCfg = Release|Any CPU
		{159C2787-16B7-4621-89C5-72E7EA6259DA}.Release|Any CPU.Build.0 = Release|Any CPU
		{6F17B23D-CCFA-437B-800D-21022A171C16}.Debug|Any CPU.ActiveCfg = Debug|Any CPU
		{6F17B23D-CCFA-437B-800D-21022A171C16}.Debug|Any CPU.Build.0 = Debug|Any CPU
		{6F17B23D-CCFA-437B-800D-21022A171C16}.Release|Any CPU.ActiveCfg = Release|Any CPU
		{6F17B23D-CCFA-437B-800D-21022A171C16}.Release|Any CPU.Build.0 = Release|Any CPU
	EndGlobalSection
	GlobalSection(SolutionProperties) = preSolution
		HideSolutionNode = FALSE
	EndGlobalSection
	GlobalSection(ExtensibilityGlobals) = postSolution
		SolutionGuid = {E583581F-4404-4C6F-9430-145EB66892A2}
	EndGlobalSection
EndGlobal
